
Microsoft Visual Studio Solution File, Format Version 12.00
# Visual Studio Version 17
VisualStudioVersion = 17.4.33213.308
MinimumVisualStudioVersion = 10.0.40219.1
Project("{9A19103F-16F7-4668-BE54-9A1E7A4F7556}") = "Demo", "Demo.csproj", "{175F7BC4-E26D-4965-80AB-21A93A656E9D}"
EndProject
Global
	GlobalSection(SolutionConfigurationPlatforms) = preSolution
		Debug|Any CPU = Debug|Any CPU
		Release|Any CPU = Release|Any CPU
	EndGlobalSection
	GlobalSection(ProjectConfigurationPlatforms) = postSolution
		{175F7BC4-E26D-4965-80AB-21A93A656E9D}.Debug|Any CPU.ActiveCfg = Debug|Any CPU
		{175F7BC4-E26D-4965-80AB-21A93A656E9D}.Debug|Any CPU.Build.0 = Debug|Any CPU
		{175F7BC4-E26D-4965-80AB-21A93A656E9D}.Release|Any CPU.ActiveCfg = Release|Any CPU
		{175F7BC4-E26D-4965-80AB-21A93A656E9D}.Release|Any CPU.Build.0 = Release|Any CPU
	EndGlobalSection
	GlobalSection(SolutionProperties) = preSolution
		HideSolutionNode = FALSE
	EndGlobalSection
	GlobalSection(ExtensibilityGlobals) = postSolution
		SolutionGuid = {0EEBF26C-6FC6-4D6B-97C7-77A70B30D14A}
	EndGlobalSection
EndGlobal
